{
  "name": "npmtest",
  "version": "1.0.0",
  "lockfileVersion": 3,
  "requires": true,
  "packages": {
    "": {
      "name": "npmtest",
      "version": "1.0.0",
      "license": "ISC",
      "dependencies": {
        "fullstack34_user": "^1.0.0",
        "ls_guk": "^1.0.0"
      }
    },
    "node_modules/dotenv": {
      "version": "16.4.5",
      "resolved": "https://registry.npmjs.org/dotenv/-/dotenv-16.4.5.tgz",
      "integrity": "sha512-ZmdL2rui+eB2YwhsWzjInR8LldtZHGDoQ1ugH85ppHKwpUHL7j7rN0Ti9NCnGiQbhaZ11FpR+7ao1dNsmduNUg==",
      "engines": {
        "node": ">=12"
      },
      "funding": {
        "url": "https://dotenvx.com"
      }
    },
    "node_modules/fullstack34_user": {
      "version": "1.0.0",
      "resolved": "https://registry.npmjs.org/fullstack34_user/-/fullstack34_user-1.0.0.tgz",
      "integrity": "sha512-vjqqqTk+pPvYF88U4aeREu4XRBErlGk7ifB+y93RMrmX9YhZAlnRzf/4D8BUpj7daGoSwjvBL0ZAKAwiLeAAng==",
      "dependencies": {
        "dotenv": "^16.4.5"
      }
    },
    "node_modules/ls_guk": {
      "version": "1.0.0",
      "resolved": "https://registry.npmjs.org/ls_guk/-/ls_guk-1.0.0.tgz",
      "integrity": "sha512-YUBGEHOufpiwzO2zJIJOGlnqN6mm4qMRnBHFjy6JxBGvXXUXqkFWE1P5aY8U/SnwYpzo/jetUDYEkk1QLdPURQ=="
    }
  }
}
